{
  "version": 4,
  "terraform_version": "0.12.0",
  "serial": 59,
  "lineage": "795551c5-c2c2-5aa8-35af-9b2d2a17a959",
  "outputs": {
    "access_cluster": {
      "value": "k8-k8-mycluster-gke",
      "type": "string"
    },
    "kubernetes_cluster_name": {
      "value": "k8-k8-mycluster-gke",
      "type": "string"
    },
    "region": {
      "value": "europe-west2",
      "type": "string"
    }
  },
  "resources": [
    {
      "mode": "managed",
      "type": "google_compute_network",
      "name": "k8-vpc",
      "provider": "provider.google",
      "instances": [
        {
          "schema_version": 0,
          "attributes": {
            "auto_create_subnetworks": false,
            "delete_default_routes_on_create": false,
            "description": "",
            "gateway_ipv4": "",
            "id": "projects/microservice-with-k8/global/networks/k8-mycluster-myvpc",
            "ipv4_range": null,
            "name": "k8-mycluster-myvpc",
            "project": "microservice-with-k8",
            "routing_mode": "REGIONAL",
            "self_link": "https://www.googleapis.com/compute/v1/projects/microservice-with-k8/global/networks/k8-mycluster-myvpc",
            "timeouts": null
          }
        }
      ]
    },
    {
      "mode": "managed",
      "type": "google_compute_router",
      "name": "k8-router",
      "provider": "provider.google",
      "instances": [
        {
          "schema_version": 0,
          "attributes": {
            "bgp": [],
            "creation_timestamp": "2020-09-10T03:49:43.199-07:00",
            "description": "",
            "id": "projects/microservice-with-k8/regions/europe-west2/routers/k8-mycluster-router",
            "name": "k8-mycluster-router",
            "network": "https://www.googleapis.com/compute/v1/projects/microservice-with-k8/global/networks/k8-mycluster-myvpc",
            "project": "microservice-with-k8",
            "region": "europe-west2",
            "self_link": "https://www.googleapis.com/compute/v1/projects/microservice-with-k8/regions/europe-west2/routers/k8-mycluster-router",
            "timeouts": null
          },
          "depends_on": [
            "google_compute_network.k8-vpc"
          ]
        }
      ]
    },
    {
      "mode": "managed",
      "type": "google_compute_router_nat",
      "name": "k8-nat",
      "provider": "provider.google",
      "instances": [
        {
          "schema_version": 0,
          "attributes": {
            "drain_nat_ips": null,
            "icmp_idle_timeout_sec": 30,
            "id": "microservice-with-k8/europe-west2/k8-mycluster-router/k8-mycluster-router-nat",
            "log_config": [],
            "min_ports_per_vm": 0,
            "name": "k8-mycluster-router-nat",
            "nat_ip_allocate_option": "AUTO_ONLY",
            "nat_ips": null,
            "project": "microservice-with-k8",
            "region": "europe-west2",
            "router": "k8-mycluster-router",
            "source_subnetwork_ip_ranges_to_nat": "ALL_SUBNETWORKS_ALL_IP_RANGES",
            "subnetwork": [],
            "tcp_established_idle_timeout_sec": 1200,
            "tcp_transitory_idle_timeout_sec": 30,
            "timeouts": null,
            "udp_idle_timeout_sec": 30
          },
          "depends_on": [
            "google_compute_router.k8-router"
          ]
        }
      ]
    },
    {
      "mode": "managed",
      "type": "google_compute_subnetwork",
      "name": "k8-private-ip-range",
      "provider": "provider.google",
      "instances": [
        {
          "schema_version": 0,
          "attributes": {
            "creation_timestamp": "2020-09-10T03:49:43.329-07:00",
            "description": "",
            "enable_flow_logs": null,
            "fingerprint": null,
            "gateway_address": "10.2.0.1",
            "id": "projects/microservice-with-k8/regions/europe-west2/subnetworks/k8-mycluster-subnetwork",
            "ip_cidr_range": "10.2.0.0/16",
            "log_config": [],
            "name": "k8-mycluster-subnetwork",
            "network": "https://www.googleapis.com/compute/v1/projects/microservice-with-k8/global/networks/k8-mycluster-myvpc",
            "private_ip_google_access": false,
            "project": "microservice-with-k8",
            "region": "europe-west2",
            "secondary_ip_range": [],
            "self_link": "https://www.googleapis.com/compute/v1/projects/microservice-with-k8/regions/europe-west2/subnetworks/k8-mycluster-subnetwork",
            "timeouts": null
          },
          "depends_on": [
            "google_compute_network.k8-vpc"
          ]
        }
      ]
    },
    {
      "mode": "managed",
      "type": "google_container_cluster",
      "name": "primary",
      "provider": "provider.google",
      "instances": [
        {
          "schema_version": 1,
          "attributes": {
            "additional_zones": [],
            "addons_config": [
              {
                "cloudrun_config": [],
                "horizontal_pod_autoscaling": [],
                "http_load_balancing": [],
                "kubernetes_dashboard": [],
                "network_policy_config": [
                  {
                    "disabled": true
                  }
                ]
              }
            ],
            "authenticator_groups_config": [],
            "cluster_autoscaling": [
              {
                "auto_provisioning_defaults": [],
                "enabled": false,
                "resource_limits": []
              }
            ],
            "cluster_ipv4_cidr": "10.112.0.0/14",
            "database_encryption": [
              {
                "key_name": "",
                "state": "DECRYPTED"
              }
            ],
            "default_max_pods_per_node": null,
            "description": "",
            "enable_binary_authorization": false,
            "enable_intranode_visibility": null,
            "enable_kubernetes_alpha": false,
            "enable_legacy_abac": false,
            "enable_shielded_nodes": false,
            "enable_tpu": null,
            "endpoint": "35.197.249.136",
            "id": "projects/microservice-with-k8/locations/europe-west2-a/clusters/k8-k8-mycluster-gke",
            "initial_node_count": 1,
            "instance_group_urls": [],
            "ip_allocation_policy": [],
            "label_fingerprint": "a9dc16a7",
            "location": "europe-west2-a",
            "logging_service": "logging.googleapis.com/kubernetes",
            "maintenance_policy": [],
            "master_auth": [
              {
                "client_certificate": "",
                "client_certificate_config": [
                  {
                    "issue_client_certificate": false
                  }
                ],
                "client_key": "",
                "cluster_ca_certificate": "LS0tLS1CRUdJTiBDRVJUSUZJQ0FURS0tLS0tCk1JSURLakNDQWhLZ0F3SUJBZ0lRYTQyYW4zWFExR3BnUjN2bzFCaVBYekFOQmdrcWhraUc5dzBCQVFzRkFEQXYKTVMwd0t3WURWUVFERXlReE5EZzFZV1V3TVMweE4ySXdMVFJoTkRjdE9EaGxOeTFsTm1KallqWTJaR1F3TVRJdwpIaGNOTWpBd09URXdNRGsxTURBM1doY05NalV3T1RBNU1UQTFNREEzV2pBdk1TMHdLd1lEVlFRREV5UXhORGcxCllXVXdNUzB4TjJJd0xUUmhORGN0T0RobE55MWxObUpqWWpZMlpHUXdNVEl3Z2dFaU1BMEdDU3FHU0liM0RRRUIKQVFVQUE0SUJEd0F3Z2dFS0FvSUJBUURZdmtNb0lrZTVoSkFzOGRlWnZ0TG5GQlhOeUZXRlRCL1gweFNKQjZydgprMTdMbkRENmZOL21ZSFFPd2xUeFBxeWpqdzVZMnpscm4ydkNMUG1HelU0dW85NkQ4eHcvUXRZeUJaMHl5WG1vCjA5djcyaGVnaUU4cTNGVVpRNjd2MytRVTZnc1U2TE1hc0ZxQlVuaGJ3Y0xYLzVUYVdCVXB5dGVTQmpXZEpNNFQKMWxPejQwWXEyNzF1dFJhU2xPK2JFTDVwQ0VXdmRkS0N5ZTZLUENuN01VTnhjMFJGMDhsNFVES1NjVkFia3g3dApaRkw0RHE5Tkl6dHNPVmlHZ1N2VDhiVHJsM2FIc08vMmhCaVlNeU9tVmxYdHBacXEraHBXR3l1UWZyL25LTzZFCkh1UlU4OFlobXU3cEp5MnM2dTV5UVc1OU5NODI3VllFbCtTNjM5VDdoL3o5QWdNQkFBR2pRakJBTUE0R0ExVWQKRHdFQi93UUVBd0lDQkRBUEJnTlZIUk1CQWY4RUJUQURBUUgvTUIwR0ExVWREZ1FXQkJTaDVCL1JRWXJSeVYwagpIK1EvcWxia1FCSlRpakFOQmdrcWhraUc5dzBCQVFzRkFBT0NBUUVBQ2RmTjNsbzlwVythK0FaMTBwa0k0V0oyCnA1djZTNlg4WXFPbEY1TnBTMWx1UUZsUTlrZGo2bHBoRmRCZHo3ZXV3RXFiTmJNUkxJblVHNFJZUGNId1dGMWsKREZpY0l1WE53aG5Qb3IzdHdYdzJ1SDFEcGFueW5GU2NzaGRhMGZwYWhrZGgreUdLVnlrbWtjZEdseENWZjJWZApWOFFkbURVRGpEa3RmME1TaFVqNGc2RHNaN0VnRFltSGlyRExRb3FYNlFhR3ZUelo1TG4rVWVpc3Jxc0R0OEhnCkgyYkNtWFBXOXZFVnUzemh4a0hoVS94bHBhSEdLbEJYTFF1MnRLWGZwN0RRempzYjE5WUpYcGw4bTRtSmNzK0oKQ2FZNlNWRUVUU1o0MVZKcVdyNzZxQkxnV3pNd0gzVDdOS29laVNnaFl0a3RpbnpSK0NWUTc4czRrNldQdkE9PQotLS0tLUVORCBDRVJUSUZJQ0FURS0tLS0tCg==",
                "password": "",
                "username": ""
              }
            ],
            "master_authorized_networks_config": [],
            "master_version": "1.15.12-gke.2",
            "min_master_version": null,
            "monitoring_service": "monitoring.googleapis.com/kubernetes",
            "name": "k8-k8-mycluster-gke",
            "network": "projects/microservice-with-k8/global/networks/k8-mycluster-myvpc",
            "network_policy": [
              {
                "enabled": false,
                "provider": "PROVIDER_UNSPECIFIED"
              }
            ],
            "node_config": [],
            "node_locations": [],
            "node_pool": [],
            "node_version": "1.15.12-gke.2",
            "operation": null,
            "pod_security_policy_config": null,
            "private_cluster_config": [],
            "project": "microservice-with-k8",
            "region": null,
            "release_channel": [
              {
                "channel": "UNSPECIFIED"
              }
            ],
            "remove_default_node_pool": true,
            "resource_labels": null,
            "resource_usage_export_config": [],
            "services_ipv4_cidr": "10.115.240.0/20",
            "subnetwork": "projects/microservice-with-k8/regions/europe-west2/subnetworks/k8-mycluster-subnetwork",
            "timeouts": null,
            "vertical_pod_autoscaling": [],
            "workload_identity_config": [],
            "zone": null
          },
          "depends_on": [
            "google_compute_network.k8-vpc",
            "google_compute_subnetwork.k8-private-ip-range"
          ]
        }
      ]
    },
    {
      "mode": "managed",
      "type": "google_container_node_pool",
      "name": "mynodepool",
      "provider": "provider.google",
      "instances": [
        {
          "schema_version": 1,
          "attributes": {
            "autoscaling": [
              {
                "max_node_count": 3,
                "min_node_count": 1
              }
            ],
            "cluster": "k8-k8-mycluster-gke",
            "id": "projects/microservice-with-k8/locations/europe-west2-a/clusters/k8-k8-mycluster-gke/nodePools/k8-mycluster-node-pool",
            "initial_node_count": 1,
            "instance_group_urls": [
              "https://www.googleapis.com/compute/v1/projects/microservice-with-k8/zones/europe-west2-a/instanceGroupManagers/gke-k8-k8-mycluster--k8-mycluster-nod-520be804-grp"
            ],
            "location": "europe-west2-a",
            "management": [
              {
                "auto_repair": true,
                "auto_upgrade": true
              }
            ],
            "max_pods_per_node": null,
            "name": "k8-mycluster-node-pool",
            "name_prefix": "",
            "node_config": [
              {
                "disk_size_gb": 100,
                "disk_type": "pd-standard",
                "guest_accelerator": [],
                "image_type": "COS",
                "labels": {},
                "local_ssd_count": 0,
                "machine_type": "e2-medium",
                "metadata": {
                  "disable-legacy-endpoints": "true"
                },
                "min_cpu_platform": "",
                "oauth_scopes": [
                  "https://www.googleapis.com/auth/logging.write",
                  "https://www.googleapis.com/auth/monitoring"
                ],
                "preemptible": false,
                "sandbox_config": [],
                "service_account": "default",
                "shielded_instance_config": [
                  {
                    "enable_integrity_monitoring": true,
                    "enable_secure_boot": false
                  }
                ],
                "tags": null,
                "taint": [],
                "workload_metadata_config": []
              }
            ],
            "node_count": 1,
            "node_locations": [
              "europe-west2-a"
            ],
            "project": "microservice-with-k8",
            "region": null,
            "timeouts": {
              "create": "30m",
              "delete": null,
              "update": "20m"
            },
            "upgrade_settings": [
              {
                "max_surge": 1,
                "max_unavailable": 0
              }
            ],
            "version": "1.15.12-gke.2",
            "zone": null
          },
          "depends_on": [
            "google_container_cluster.primary"
          ]
        }
      ]
    }
  ]
}
