{
  "version": 4,
  "terraform_version": "0.12.0",
  "serial": 45,
  "lineage": "795551c5-c2c2-5aa8-35af-9b2d2a17a959",
  "outputs": {},
  "resources": [
    {
      "mode": "managed",
      "type": "google_compute_network",
      "name": "k8-vpc",
      "provider": "provider.google",
      "instances": [
        {
          "schema_version": 0,
          "attributes": {
            "auto_create_subnetworks": false,
            "delete_default_routes_on_create": false,
            "description": "",
            "gateway_ipv4": "",
            "id": "projects/microservice-with-k8/global/networks/k8-myvpc",
            "ipv4_range": null,
            "name": "k8-myvpc",
            "project": "microservice-with-k8",
            "routing_mode": "REGIONAL",
            "self_link": "https://www.googleapis.com/compute/v1/projects/microservice-with-k8/global/networks/k8-myvpc",
            "timeouts": null
          }
        }
      ]
    },
    {
      "mode": "managed",
      "type": "google_compute_router",
      "name": "k8-router",
      "provider": "provider.google",
      "instances": [
        {
          "schema_version": 0,
          "attributes": {
            "bgp": [],
            "creation_timestamp": "2020-09-10T02:33:18.056-07:00",
            "description": "",
            "id": "projects/microservice-with-k8/regions/europe-west2/routers/k8-router",
            "name": "k8-router",
            "network": "https://www.googleapis.com/compute/v1/projects/microservice-with-k8/global/networks/k8-myvpc",
            "project": "microservice-with-k8",
            "region": "europe-west2",
            "self_link": "https://www.googleapis.com/compute/v1/projects/microservice-with-k8/regions/europe-west2/routers/k8-router",
            "timeouts": null
          },
          "depends_on": [
            "google_compute_network.k8-vpc"
          ]
        }
      ]
    },
    {
      "mode": "managed",
      "type": "google_compute_router_nat",
      "name": "k8-nat",
      "provider": "provider.google",
      "instances": [
        {
          "schema_version": 0,
          "attributes": {
            "drain_nat_ips": null,
            "icmp_idle_timeout_sec": 30,
            "id": "microservice-with-k8/europe-west2/k8-router/k8-router-nat",
            "log_config": [],
            "min_ports_per_vm": 0,
            "name": "k8-router-nat",
            "nat_ip_allocate_option": "AUTO_ONLY",
            "nat_ips": null,
            "project": "microservice-with-k8",
            "region": "europe-west2",
            "router": "k8-router",
            "source_subnetwork_ip_ranges_to_nat": "ALL_SUBNETWORKS_ALL_IP_RANGES",
            "subnetwork": [],
            "tcp_established_idle_timeout_sec": 1200,
            "tcp_transitory_idle_timeout_sec": 30,
            "timeouts": null,
            "udp_idle_timeout_sec": 30
          },
          "depends_on": [
            "google_compute_router.k8-router"
          ]
        }
      ]
    },
    {
      "mode": "managed",
      "type": "google_compute_subnetwork",
      "name": "k8-private-ip-range",
      "provider": "provider.google",
      "instances": [
        {
          "schema_version": 0,
          "attributes": {
            "creation_timestamp": "2020-09-10T02:33:18.375-07:00",
            "description": "",
            "enable_flow_logs": null,
            "fingerprint": null,
            "gateway_address": "10.2.0.1",
            "id": "projects/microservice-with-k8/regions/europe-west2/subnetworks/k8-subnetwork",
            "ip_cidr_range": "10.2.0.0/16",
            "log_config": [],
            "name": "k8-subnetwork",
            "network": "https://www.googleapis.com/compute/v1/projects/microservice-with-k8/global/networks/k8-myvpc",
            "private_ip_google_access": false,
            "project": "microservice-with-k8",
            "region": "europe-west2",
            "secondary_ip_range": [],
            "self_link": "https://www.googleapis.com/compute/v1/projects/microservice-with-k8/regions/europe-west2/subnetworks/k8-subnetwork",
            "timeouts": null
          },
          "depends_on": [
            "google_compute_network.k8-vpc"
          ]
        }
      ]
    },
    {
      "mode": "managed",
      "type": "google_container_cluster",
      "name": "primary",
      "provider": "provider.google",
      "instances": [
        {
          "schema_version": 1,
          "attributes": {
            "additional_zones": [],
            "addons_config": [
              {
                "cloudrun_config": [],
                "horizontal_pod_autoscaling": [],
                "http_load_balancing": [],
                "kubernetes_dashboard": [],
                "network_policy_config": [
                  {
                    "disabled": true
                  }
                ]
              }
            ],
            "authenticator_groups_config": [],
            "cluster_autoscaling": [
              {
                "auto_provisioning_defaults": [],
                "enabled": false,
                "resource_limits": []
              }
            ],
            "cluster_ipv4_cidr": "10.0.0.0/14",
            "database_encryption": [
              {
                "key_name": "",
                "state": "DECRYPTED"
              }
            ],
            "default_max_pods_per_node": null,
            "description": "",
            "enable_binary_authorization": false,
            "enable_intranode_visibility": null,
            "enable_kubernetes_alpha": false,
            "enable_legacy_abac": false,
            "enable_shielded_nodes": false,
            "enable_tpu": null,
            "endpoint": "35.189.122.194",
            "id": "projects/microservice-with-k8/locations/europe-west2-a/clusters/k8-cluster",
            "initial_node_count": 1,
            "instance_group_urls": [],
            "ip_allocation_policy": [],
            "label_fingerprint": "a9dc16a7",
            "location": "europe-west2-a",
            "logging_service": "logging.googleapis.com/kubernetes",
            "maintenance_policy": [],
            "master_auth": [
              {
                "client_certificate": "",
                "client_certificate_config": [
                  {
                    "issue_client_certificate": false
                  }
                ],
                "client_key": "",
                "cluster_ca_certificate": "LS0tLS1CRUdJTiBDRVJUSUZJQ0FURS0tLS0tCk1JSURLekNDQWhPZ0F3SUJBZ0lSQUpkQVpMTmdob0RnSXBDMWpUeXVVVmN3RFFZSktvWklodmNOQVFFTEJRQXcKTHpFdE1Dc0dBMVVFQXhNa01XVXpORGd5WlRBdE1USXpZaTAwWkdZd0xXSXpNREV0TVRGbE1UZzNaamszWVdGagpNQjRYRFRJd01Ea3hNREE0TXpJMU5Wb1hEVEkxTURrd09UQTVNekkxTlZvd0x6RXRNQ3NHQTFVRUF4TWtNV1V6Ck5EZ3laVEF0TVRJellpMDBaR1l3TFdJek1ERXRNVEZsTVRnM1pqazNZV0ZqTUlJQklqQU5CZ2txaGtpRzl3MEIKQVFFRkFBT0NBUThBTUlJQkNnS0NBUUVBMGlybXFTaWJSUlliTXN0a0dvVENCSGZKOWhjdlA1ckNTeE1EdUhhcApsUTMrTHBCMG5LQ1h5c0Y2Q3Y2TGY0VmR5WlprUEQwdmpjVDlxVUI4MFM2eld2cHdCQkYrTytNQ2VaSU9qeFFPCkpPcEpUWDhjcE9HUm54ZmppSTlpWVMzRHpQVm1UMERySlFJNXZHc3hXK0JLRk5LcjBuaUNzLzc1UVUwemcxL2gKRnpzZ1NjbDVBWmZET1VDZ0l3YW96cThzdVBCN21hRFhqeVc2dHpVSk1DVTdLUW95RGVxNG1DUlFwQ3kwNGRsdgpneVV0cEEvWFZtdVpML0ViL1pyaVEvRnJPM0lFWGZQdUU0QjJ1MWpNNHBTZEhRU1Y2MlFHaGJUWko5V3dGZERNCjNld21rNjZWVUFWY3VwbmFIdERzQUVVVXJ6cjR4K2dnTi9HbUZ4ellzM1RoVndJREFRQUJvMEl3UURBT0JnTlYKSFE4QkFmOEVCQU1DQWdRd0R3WURWUjBUQVFIL0JBVXdBd0VCL3pBZEJnTlZIUTRFRmdRVVlqL3UxWmhOUHhPawp0TWVjVEs3QlFzTFhyckV3RFFZSktvWklodmNOQVFFTEJRQURnZ0VCQUl3UVFZQXlPMXNsRkhGaDdSaTZNOTJTCmN6V09Lc0swZE93MStlOUd4N0ZOSXFCT2N2bnNOM2FCcStxUk0zVjhzZU5qbjExYmdLVzBKb2l1N1greWIxeHUKdVMwb21wUEw4NWVZY01BeWU1RVE2bk5zRFo1MGhlSjNUQUVRUEhJaU5ITlBreUl6NjEzR2JqcSt0RU50UkJJRQpCNCtsem93UFRkMXJXWU1PVTdkSzRRa0JQNDJpTXcyTGNwUjg5WlZ5WGpXaGJxMGxnVHBvQlVubUhPcGFUdDhQCkh3S1Q0ekUvVHdOVEovRWRESHIrRjRUUC9IMnhjaFFNazYwb2RBRENkd2lodVVXWGUrOGU0WjkxQ2VXbVNxV3AKSUdnWC9TVzBIaFV0eVVwVll2QlJJQ1hOZ2hQemU5L1B1akE1dDM5Vk9hdGdNOUtmcTRPZzEyS2JHVDJBRWs4PQotLS0tLUVORCBDRVJUSUZJQ0FURS0tLS0tCg==",
                "password": "",
                "username": ""
              }
            ],
            "master_authorized_networks_config": [],
            "master_version": "1.15.12-gke.2",
            "min_master_version": null,
            "monitoring_service": "monitoring.googleapis.com/kubernetes",
            "name": "k8-cluster",
            "network": "projects/microservice-with-k8/global/networks/default",
            "network_policy": [
              {
                "enabled": false,
                "provider": "PROVIDER_UNSPECIFIED"
              }
            ],
            "node_config": [],
            "node_locations": [],
            "node_pool": [],
            "node_version": "1.15.12-gke.2",
            "operation": null,
            "pod_security_policy_config": null,
            "private_cluster_config": [],
            "project": "microservice-with-k8",
            "region": null,
            "release_channel": [
              {
                "channel": "UNSPECIFIED"
              }
            ],
            "remove_default_node_pool": true,
            "resource_labels": null,
            "resource_usage_export_config": [],
            "services_ipv4_cidr": "10.3.240.0/20",
            "subnetwork": "projects/microservice-with-k8/regions/europe-west2/subnetworks/default",
            "timeouts": null,
            "vertical_pod_autoscaling": [],
            "workload_identity_config": [],
            "zone": null
          }
        }
      ]
    },
    {
      "mode": "managed",
      "type": "google_container_node_pool",
      "name": "mynodepool",
      "provider": "provider.google",
      "instances": [
        {
          "schema_version": 1,
          "attributes": {
            "autoscaling": [
              {
                "max_node_count": 3,
                "min_node_count": 1
              }
            ],
            "cluster": "k8-cluster",
            "id": "projects/microservice-with-k8/locations/europe-west2-a/clusters/k8-cluster/nodePools/my-node-pool",
            "initial_node_count": 1,
            "instance_group_urls": [
              "https://www.googleapis.com/compute/v1/projects/microservice-with-k8/zones/europe-west2-a/instanceGroupManagers/gke-k8-cluster-my-node-pool-f111a243-grp"
            ],
            "location": "europe-west2-a",
            "management": [
              {
                "auto_repair": true,
                "auto_upgrade": true
              }
            ],
            "max_pods_per_node": null,
            "name": "my-node-pool",
            "name_prefix": "",
            "node_config": [
              {
                "disk_size_gb": 100,
                "disk_type": "pd-standard",
                "guest_accelerator": [],
                "image_type": "COS",
                "labels": {},
                "local_ssd_count": 0,
                "machine_type": "e2-medium",
                "metadata": {
                  "disable-legacy-endpoints": "true"
                },
                "min_cpu_platform": "",
                "oauth_scopes": [
                  "https://www.googleapis.com/auth/logging.write",
                  "https://www.googleapis.com/auth/monitoring"
                ],
                "preemptible": false,
                "sandbox_config": [],
                "service_account": "default",
                "shielded_instance_config": [
                  {
                    "enable_integrity_monitoring": true,
                    "enable_secure_boot": false
                  }
                ],
                "tags": null,
                "taint": [],
                "workload_metadata_config": []
              }
            ],
            "node_count": 1,
            "node_locations": [
              "europe-west2-a"
            ],
            "project": "microservice-with-k8",
            "region": null,
            "timeouts": {
              "create": "30m",
              "delete": null,
              "update": "20m"
            },
            "upgrade_settings": [
              {
                "max_surge": 1,
                "max_unavailable": 0
              }
            ],
            "version": "1.15.12-gke.2",
            "zone": null
          },
          "depends_on": [
            "google_container_cluster.primary"
          ]
        }
      ]
    }
  ]
}
